// !$*UTF8*$!
{
	archiveVersion = 1;
	classes = {
	};
	objectVersion = 48;
	objects = {

/* Begin PBXBuildFile section */
		F401FDDA20328527009F8632 /* ReminderViewController.swift in Sources */ = {isa = PBXBuildFile; fileRef = F401FDD920328527009F8632 /* ReminderViewController.swift */; };
		F40CCE0A200AA07D0054CC5F /* String+Conversions.swift in Sources */ = {isa = PBXBuildFile; fileRef = F40CCE09200AA07D0054CC5F /* String+Conversions.swift */; };
		F40CCE0C200AA0990054CC5F /* UIImage+Conversions.swift in Sources */ = {isa = PBXBuildFile; fileRef = F40CCE0B200AA0990054CC5F /* UIImage+Conversions.swift */; };
		F40CCE10200C4FF60054CC5F /* DefaultPhoto.png in Resources */ = {isa = PBXBuildFile; fileRef = F40CCE0F200C4FF50054CC5F /* DefaultPhoto.png */; };
		F422EEB1204F8A6200269AF9 /* Date+SubDays.swift in Sources */ = {isa = PBXBuildFile; fileRef = F422EEB0204F8A6200269AF9 /* Date+SubDays.swift */; };
		F439D1CD2050DA7D00B43C15 /* AboutViewController.swift in Sources */ = {isa = PBXBuildFile; fileRef = F439D1CC2050DA7D00B43C15 /* AboutViewController.swift */; };
		F443C313206FDF2A000E9FA8 /* Walkthrough1.jpeg in Resources */ = {isa = PBXBuildFile; fileRef = F443C312206FDF29000E9FA8 /* Walkthrough1.jpeg */; };
		F443C31F20703C06000E9FA8 /* Walkthrough4.png in Resources */ = {isa = PBXBuildFile; fileRef = F443C31D20703C06000E9FA8 /* Walkthrough4.png */; };
		F44F1978201C1E16008CE4DB /* CKRecord+Enum.swift in Sources */ = {isa = PBXBuildFile; fileRef = F44F1977201C1E16008CE4DB /* CKRecord+Enum.swift */; };
		F4573E34207867E500A92667 /* IAPService.swift in Sources */ = {isa = PBXBuildFile; fileRef = F4573E33207867E500A92667 /* IAPService.swift */; };
		F462287320A7D40600C10890 /* Walkthrough3.png in Resources */ = {isa = PBXBuildFile; fileRef = F462287220A7D40500C10890 /* Walkthrough3.png */; };
		F47101CF1FB5614A009D34EF /* AppDelegate.swift in Sources */ = {isa = PBXBuildFile; fileRef = F47101CE1FB5614A009D34EF /* AppDelegate.swift */; };
		F47101D11FB5614A009D34EF /* HomeViewController.swift in Sources */ = {isa = PBXBuildFile; fileRef = F47101D01FB5614A009D34EF /* HomeViewController.swift */; };
		F47101D41FB5614A009D34EF /* Main.storyboard in Resources */ = {isa = PBXBuildFile; fileRef = F47101D21FB5614A009D34EF /* Main.storyboard */; };
		F47101D61FB5614A009D34EF /* Assets.xcassets in Resources */ = {isa = PBXBuildFile; fileRef = F47101D51FB5614A009D34EF /* Assets.xcassets */; };
		F47101D91FB5614A009D34EF /* LaunchScreen.storyboard in Resources */ = {isa = PBXBuildFile; fileRef = F47101D71FB5614A009D34EF /* LaunchScreen.storyboard */; };
		F47101E11FBD1F82009D34EF /* DetailsViewController.swift in Sources */ = {isa = PBXBuildFile; fileRef = F47101E01FBD1F82009D34EF /* DetailsViewController.swift */; };
		F48B7E9020376C8C00CE0016 /* Check.jpg in Resources */ = {isa = PBXBuildFile; fileRef = F48B7E8F20376C8C00CE0016 /* Check.jpg */; };
		F4B458FD201AD1B000635A77 /* UIColor+Hex.swift in Sources */ = {isa = PBXBuildFile; fileRef = F4B458FC201AD1B000635A77 /* UIColor+Hex.swift */; };
		F4B63814205472840084DBBE /* UIAlertController+Actions.swift in Sources */ = {isa = PBXBuildFile; fileRef = F4B63813205472840084DBBE /* UIAlertController+Actions.swift */; };
		F4B63816205484E90084DBBE /* Rounded Bell 1024x1024.png in Resources */ = {isa = PBXBuildFile; fileRef = F4B63815205484E90084DBBE /* Rounded Bell 1024x1024.png */; };
		F4BE9306206F03100033FE80 /* Walkthrough2.png in Resources */ = {isa = PBXBuildFile; fileRef = F4BE92FF206F030F0033FE80 /* Walkthrough2.png */; };
		F4D830BC2095318A008F30B7 /* Walkthrough5.png in Resources */ = {isa = PBXBuildFile; fileRef = F4D830BB2095318A008F30B7 /* Walkthrough5.png */; };
		F4E2A0AF204CDAB300E6CD51 /* NotificationService.swift in Sources */ = {isa = PBXBuildFile; fileRef = F4E2A0AE204CDAB300E6CD51 /* NotificationService.swift */; };
		F4E2A0B2204CDB5900E6CD51 /* AlertService.swift in Sources */ = {isa = PBXBuildFile; fileRef = F4E2A0B1204CDB5900E6CD51 /* AlertService.swift */; };
/* End PBXBuildFile section */

/* Begin PBXFileReference section */
		F401FDD920328527009F8632 /* ReminderViewController.swift */ = {isa = PBXFileReference; lastKnownFileType = sourcecode.swift; path = ReminderViewController.swift; sourceTree = "<group>"; };
		F40CCE09200AA07D0054CC5F /* String+Conversions.swift */ = {isa = PBXFileReference; lastKnownFileType = sourcecode.swift; path = "String+Conversions.swift"; sourceTree = "<group>"; };
		F40CCE0B200AA0990054CC5F /* UIImage+Conversions.swift */ = {isa = PBXFileReference; lastKnownFileType = sourcecode.swift; path = "UIImage+Conversions.swift"; sourceTree = "<group>"; };
		F40CCE0F200C4FF50054CC5F /* DefaultPhoto.png */ = {isa = PBXFileReference; lastKnownFileType = image.png; path = DefaultPhoto.png; sourceTree = "<group>"; };
		F422EEB0204F8A6200269AF9 /* Date+SubDays.swift */ = {isa = PBXFileReference; lastKnownFileType = sourcecode.swift; path = "Date+SubDays.swift"; sourceTree = "<group>"; };
		F439D1CC2050DA7D00B43C15 /* AboutViewController.swift */ = {isa = PBXFileReference; lastKnownFileType = sourcecode.swift; path = AboutViewController.swift; sourceTree = "<group>"; };
		F443C312206FDF29000E9FA8 /* Walkthrough1.jpeg */ = {isa = PBXFileReference; lastKnownFileType = image.jpeg; path = Walkthrough1.jpeg; sourceTree = "<group>"; };
		F443C31D20703C06000E9FA8 /* Walkthrough4.png */ = {isa = PBXFileReference; lastKnownFileType = image.png; path = Walkthrough4.png; sourceTree = "<group>"; };
		F44F1974201C0546008CE4DB /* CatchUp.entitlements */ = {isa = PBXFileReference; lastKnownFileType = text.plist.entitlements; path = CatchUp.entitlements; sourceTree = "<group>"; };
		F44F1977201C1E16008CE4DB /* CKRecord+Enum.swift */ = {isa = PBXFileReference; lastKnownFileType = sourcecode.swift; path = "CKRecord+Enum.swift"; sourceTree = "<group>"; };
		F4573E33207867E500A92667 /* IAPService.swift */ = {isa = PBXFileReference; lastKnownFileType = sourcecode.swift; path = IAPService.swift; sourceTree = "<group>"; };
		F462287220A7D40500C10890 /* Walkthrough3.png */ = {isa = PBXFileReference; lastKnownFileType = image.png; path = Walkthrough3.png; sourceTree = "<group>"; };
		F47101CB1FB5614A009D34EF /* CatchUp.app */ = {isa = PBXFileReference; explicitFileType = wrapper.application; includeInIndex = 0; path = CatchUp.app; sourceTree = BUILT_PRODUCTS_DIR; };
		F47101CE1FB5614A009D34EF /* AppDelegate.swift */ = {isa = PBXFileReference; lastKnownFileType = sourcecode.swift; path = AppDelegate.swift; sourceTree = "<group>"; };
		F47101D01FB5614A009D34EF /* HomeViewController.swift */ = {isa = PBXFileReference; lastKnownFileType = sourcecode.swift; path = HomeViewController.swift; sourceTree = "<group>"; };
		F47101D31FB5614A009D34EF /* Base */ = {isa = PBXFileReference; lastKnownFileType = file.storyboard; name = Base; path = Base.lproj/Main.storyboard; sourceTree = "<group>"; };
		F47101D51FB5614A009D34EF /* Assets.xcassets */ = {isa = PBXFileReference; lastKnownFileType = folder.assetcatalog; path = Assets.xcassets; sourceTree = "<group>"; };
		F47101D81FB5614A009D34EF /* Base */ = {isa = PBXFileReference; lastKnownFileType = file.storyboard; name = Base; path = Base.lproj/LaunchScreen.storyboard; sourceTree = "<group>"; };
		F47101DA1FB5614A009D34EF /* Info.plist */ = {isa = PBXFileReference; lastKnownFileType = text.plist.xml; path = Info.plist; sourceTree = "<group>"; };
		F47101E01FBD1F82009D34EF /* DetailsViewController.swift */ = {isa = PBXFileReference; lastKnownFileType = sourcecode.swift; path = DetailsViewController.swift; sourceTree = "<group>"; };
		F48B7E8F20376C8C00CE0016 /* Check.jpg */ = {isa = PBXFileReference; lastKnownFileType = image.jpeg; path = Check.jpg; sourceTree = "<group>"; };
		F4B458FC201AD1B000635A77 /* UIColor+Hex.swift */ = {isa = PBXFileReference; lastKnownFileType = sourcecode.swift; path = "UIColor+Hex.swift"; sourceTree = "<group>"; };
		F4B63813205472840084DBBE /* UIAlertController+Actions.swift */ = {isa = PBXFileReference; lastKnownFileType = sourcecode.swift; path = "UIAlertController+Actions.swift"; sourceTree = "<group>"; };
		F4B63815205484E90084DBBE /* Rounded Bell 1024x1024.png */ = {isa = PBXFileReference; lastKnownFileType = image.png; path = "Rounded Bell 1024x1024.png"; sourceTree = "<group>"; };
		F4BE92FF206F030F0033FE80 /* Walkthrough2.png */ = {isa = PBXFileReference; lastKnownFileType = image.png; path = Walkthrough2.png; sourceTree = "<group>"; };
		F4D830BB2095318A008F30B7 /* Walkthrough5.png */ = {isa = PBXFileReference; lastKnownFileType = image.png; path = Walkthrough5.png; sourceTree = "<group>"; };
		F4E2A0AE204CDAB300E6CD51 /* NotificationService.swift */ = {isa = PBXFileReference; lastKnownFileType = sourcecode.swift; path = NotificationService.swift; sourceTree = "<group>"; };
		F4E2A0B1204CDB5900E6CD51 /* AlertService.swift */ = {isa = PBXFileReference; lastKnownFileType = sourcecode.swift; path = AlertService.swift; sourceTree = "<group>"; };
/* End PBXFileReference section */

/* Begin PBXFrameworksBuildPhase section */
		F47101C81FB5614A009D34EF /* Frameworks */ = {
			isa = PBXFrameworksBuildPhase;
			buildActionMask = 2147483647;
			files = (
			);
			runOnlyForDeploymentPostprocessing = 0;
		};
/* End PBXFrameworksBuildPhase section */

/* Begin PBXGroup section */
		F40CCE08200A9D460054CC5F /* Extensions */ = {
			isa = PBXGroup;
			children = (
				F40CCE09200AA07D0054CC5F /* String+Conversions.swift */,
				F40CCE0B200AA0990054CC5F /* UIImage+Conversions.swift */,
				F4B458FC201AD1B000635A77 /* UIColor+Hex.swift */,
				F44F1977201C1E16008CE4DB /* CKRecord+Enum.swift */,
				F422EEB0204F8A6200269AF9 /* Date+SubDays.swift */,
				F4B63813205472840084DBBE /* UIAlertController+Actions.swift */,
			);
			path = Extensions;
			sourceTree = "<group>";
		};
		F42193F81FDE1DFF004E86CB /* Frameworks */ = {
			isa = PBXGroup;
			children = (
			);
			name = Frameworks;
			sourceTree = "<group>";
		};
		F47101C21FB5614A009D34EF = {
			isa = PBXGroup;
			children = (
				F47101CD1FB5614A009D34EF /* CatchUp */,
				F47101CC1FB5614A009D34EF /* Products */,
				F42193F81FDE1DFF004E86CB /* Frameworks */,
			);
			sourceTree = "<group>";
		};
		F47101CC1FB5614A009D34EF /* Products */ = {
			isa = PBXGroup;
			children = (
				F47101CB1FB5614A009D34EF /* CatchUp.app */,
			);
			name = Products;
			sourceTree = "<group>";
		};
		F47101CD1FB5614A009D34EF /* CatchUp */ = {
			isa = PBXGroup;
			children = (
				F44F1974201C0546008CE4DB /* CatchUp.entitlements */,
				F47101CE1FB5614A009D34EF /* AppDelegate.swift */,
				F4BE92E7206ECC430033FE80 /* Storyboards */,
				F40CCE08200A9D460054CC5F /* Extensions */,
				F4BE92E5206EC8630033FE80 /* ViewControllers */,
				F4E2A0B0204CDB3300E6CD51 /* Services */,
				F4BE92E6206EC8C10033FE80 /* Images */,
				F47101DA1FB5614A009D34EF /* Info.plist */,
				F47101D51FB5614A009D34EF /* Assets.xcassets */,
			);
			path = CatchUp;
			sourceTree = "<group>";
		};
		F4BE92E5206EC8630033FE80 /* ViewControllers */ = {
			isa = PBXGroup;
			children = (
				F439D1CC2050DA7D00B43C15 /* AboutViewController.swift */,
				F47101D01FB5614A009D34EF /* HomeViewController.swift */,
				F47101E01FBD1F82009D34EF /* DetailsViewController.swift */,
				F401FDD920328527009F8632 /* ReminderViewController.swift */,
			);
			path = ViewControllers;
			sourceTree = "<group>";
		};
		F4BE92E6206EC8C10033FE80 /* Images */ = {
			isa = PBXGroup;
			children = (
				F443C312206FDF29000E9FA8 /* Walkthrough1.jpeg */,
				F4BE92FF206F030F0033FE80 /* Walkthrough2.png */,
				F462287220A7D40500C10890 /* Walkthrough3.png */,
				F443C31D20703C06000E9FA8 /* Walkthrough4.png */,
				F4D830BB2095318A008F30B7 /* Walkthrough5.png */,
				F40CCE0F200C4FF50054CC5F /* DefaultPhoto.png */,
				F48B7E8F20376C8C00CE0016 /* Check.jpg */,
				F4B63815205484E90084DBBE /* Rounded Bell 1024x1024.png */,
			);
			path = Images;
			sourceTree = "<group>";
		};
		F4BE92E7206ECC430033FE80 /* Storyboards */ = {
			isa = PBXGroup;
			children = (
				F47101D71FB5614A009D34EF /* LaunchScreen.storyboard */,
				F47101D21FB5614A009D34EF /* Main.storyboard */,
			);
			path = Storyboards;
			sourceTree = "<group>";
		};
		F4E2A0B0204CDB3300E6CD51 /* Services */ = {
			isa = PBXGroup;
			children = (
				F4E2A0AE204CDAB300E6CD51 /* NotificationService.swift */,
				F4E2A0B1204CDB5900E6CD51 /* AlertService.swift */,
				F4573E33207867E500A92667 /* IAPService.swift */,
			);
			path = Services;
			sourceTree = "<group>";
		};
/* End PBXGroup section */

/* Begin PBXNativeTarget section */
		F47101CA1FB5614A009D34EF /* CatchUp */ = {
			isa = PBXNativeTarget;
			buildConfigurationList = F47101DD1FB5614A009D34EF /* Build configuration list for PBXNativeTarget "CatchUp" */;
			buildPhases = (
				F47101C71FB5614A009D34EF /* Sources */,
				F47101C81FB5614A009D34EF /* Frameworks */,
				F47101C91FB5614A009D34EF /* Resources */,
			);
			buildRules = (
			);
			dependencies = (
			);
			name = CatchUp;
			productName = CatchUp;
			productReference = F47101CB1FB5614A009D34EF /* CatchUp.app */;
			productType = "com.apple.product-type.application";
		};
/* End PBXNativeTarget section */

/* Begin PBXProject section */
		F47101C31FB5614A009D34EF /* Project object */ = {
			isa = PBXProject;
			attributes = {
				LastSwiftUpdateCheck = 0910;
				LastUpgradeCheck = 0930;
				ORGANIZATIONNAME = "Token Solutions";
				TargetAttributes = {
					F47101CA1FB5614A009D34EF = {
						CreatedOnToolsVersion = 9.1;
						ProvisioningStyle = Automatic;
						SystemCapabilities = {
							com.apple.Maps.iOS = {
								enabled = 0;
							};
							com.apple.Push = {
								enabled = 1;
							};
							com.apple.iCloud = {
								enabled = 0;
							};
						};
					};
				};
			};
			buildConfigurationList = F47101C61FB5614A009D34EF /* Build configuration list for PBXProject "CatchUp" */;
			compatibilityVersion = "Xcode 8.0";
			developmentRegion = en;
			hasScannedForEncodings = 0;
			knownRegions = (
				en,
				Base,
			);
			mainGroup = F47101C21FB5614A009D34EF;
			productRefGroup = F47101CC1FB5614A009D34EF /* Products */;
			projectDirPath = "";
			projectRoot = "";
			targets = (
				F47101CA1FB5614A009D34EF /* CatchUp */,
			);
		};
/* End PBXProject section */

/* Begin PBXResourcesBuildPhase section */
		F47101C91FB5614A009D34EF /* Resources */ = {
			isa = PBXResourcesBuildPhase;
			buildActionMask = 2147483647;
			files = (
				F40CCE10200C4FF60054CC5F /* DefaultPhoto.png in Resources */,
				F443C313206FDF2A000E9FA8 /* Walkthrough1.jpeg in Resources */,
				F462287320A7D40600C10890 /* Walkthrough3.png in Resources */,
				F443C31F20703C06000E9FA8 /* Walkthrough4.png in Resources */,
				F4B63816205484E90084DBBE /* Rounded Bell 1024x1024.png in Resources */,
				F4D830BC2095318A008F30B7 /* Walkthrough5.png in Resources */,
				F4BE9306206F03100033FE80 /* Walkthrough2.png in Resources */,
				F48B7E9020376C8C00CE0016 /* Check.jpg in Resources */,
				F47101D91FB5614A009D34EF /* LaunchScreen.storyboard in Resources */,
				F47101D61FB5614A009D34EF /* Assets.xcassets in Resources */,
				F47101D41FB5614A009D34EF /* Main.storyboard in Resources */,
			);
			runOnlyForDeploymentPostprocessing = 0;
		};
/* End PBXResourcesBuildPhase section */

/* Begin PBXSourcesBuildPhase section */
		F47101C71FB5614A009D34EF /* Sources */ = {
			isa = PBXSourcesBuildPhase;
			buildActionMask = 2147483647;
			files = (
				F47101D11FB5614A009D34EF /* HomeViewController.swift in Sources */,
				F47101CF1FB5614A009D34EF /* AppDelegate.swift in Sources */,
				F40CCE0C200AA0990054CC5F /* UIImage+Conversions.swift in Sources */,
				F44F1978201C1E16008CE4DB /* CKRecord+Enum.swift in Sources */,
				F4573E34207867E500A92667 /* IAPService.swift in Sources */,
				F4E2A0B2204CDB5900E6CD51 /* AlertService.swift in Sources */,
				F4E2A0AF204CDAB300E6CD51 /* NotificationService.swift in Sources */,
				F439D1CD2050DA7D00B43C15 /* AboutViewController.swift in Sources */,
				F401FDDA20328527009F8632 /* ReminderViewController.swift in Sources */,
				F4B63814205472840084DBBE /* UIAlertController+Actions.swift in Sources */,
				F422EEB1204F8A6200269AF9 /* Date+SubDays.swift in Sources */,
				F4B458FD201AD1B000635A77 /* UIColor+Hex.swift in Sources */,
				F40CCE0A200AA07D0054CC5F /* String+Conversions.swift in Sources */,
				F47101E11FBD1F82009D34EF /* DetailsViewController.swift in Sources */,
			);
			runOnlyForDeploymentPostprocessing = 0;
		};
/* End PBXSourcesBuildPhase section */

/* Begin PBXVariantGroup section */
		F47101D21FB5614A009D34EF /* Main.storyboard */ = {
			isa = PBXVariantGroup;
			children = (
				F47101D31FB5614A009D34EF /* Base */,
			);
			name = Main.storyboard;
			sourceTree = "<group>";
		};
		F47101D71FB5614A009D34EF /* LaunchScreen.storyboard */ = {
			isa = PBXVariantGroup;
			children = (
				F47101D81FB5614A009D34EF /* Base */,
			);
			name = LaunchScreen.storyboard;
			sourceTree = "<group>";
		};
/* End PBXVariantGroup section */

/* Begin XCBuildConfiguration section */
		F47101DB1FB5614A009D34EF /* Debug */ = {
			isa = XCBuildConfiguration;
			buildSettings = {
				ALWAYS_SEARCH_USER_PATHS = NO;
				CLANG_ANALYZER_NONNULL = YES;
				CLANG_ANALYZER_NUMBER_OBJECT_CONVERSION = YES_AGGRESSIVE;
				CLANG_CXX_LANGUAGE_STANDARD = "gnu++14";
				CLANG_CXX_LIBRARY = "libc++";
				CLANG_ENABLE_MODULES = YES;
				CLANG_ENABLE_OBJC_ARC = YES;
				CLANG_WARN_BLOCK_CAPTURE_AUTORELEASING = YES;
				CLANG_WARN_BOOL_CONVERSION = YES;
				CLANG_WARN_COMMA = YES;
				CLANG_WARN_CONSTANT_CONVERSION = YES;
				CLANG_WARN_DEPRECATED_OBJC_IMPLEMENTATIONS = YES;
				CLANG_WARN_DIRECT_OBJC_ISA_USAGE = YES_ERROR;
				CLANG_WARN_DOCUMENTATION_COMMENTS = YES;
				CLANG_WARN_EMPTY_BODY = YES;
				CLANG_WARN_ENUM_CONVERSION = YES;
				CLANG_WARN_INFINITE_RECURSION = YES;
				CLANG_WARN_INT_CONVERSION = YES;
				CLANG_WARN_NON_LITERAL_NULL_CONVERSION = YES;
				CLANG_WARN_OBJC_IMPLICIT_RETAIN_SELF = YES;
				CLANG_WARN_OBJC_LITERAL_CONVERSION = YES;
				CLANG_WARN_OBJC_ROOT_CLASS = YES_ERROR;
				CLANG_WARN_RANGE_LOOP_ANALYSIS = YES;
				CLANG_WARN_STRICT_PROTOTYPES = YES;
				CLANG_WARN_SUSPICIOUS_MOVE = YES;
				CLANG_WARN_UNGUARDED_AVAILABILITY = YES_AGGRESSIVE;
				CLANG_WARN_UNREACHABLE_CODE = YES;
				CLANG_WARN__DUPLICATE_METHOD_MATCH = YES;
				CODE_SIGN_IDENTITY = "iPhone Developer";
				COPY_PHASE_STRIP = NO;
				DEBUG_INFORMATION_FORMAT = dwarf;
				ENABLE_STRICT_OBJC_MSGSEND = YES;
				ENABLE_TESTABILITY = YES;
				GCC_C_LANGUAGE_STANDARD = gnu11;
				GCC_DYNAMIC_NO_PIC = NO;
				GCC_NO_COMMON_BLOCKS = YES;
				GCC_OPTIMIZATION_LEVEL = 0;
				GCC_PREPROCESSOR_DEFINITIONS = (
					"DEBUG=1",
					"$(inherited)",
				);
				GCC_WARN_64_TO_32_BIT_CONVERSION = YES;
				GCC_WARN_ABOUT_RETURN_TYPE = YES_ERROR;
				GCC_WARN_UNDECLARED_SELECTOR = YES;
				GCC_WARN_UNINITIALIZED_AUTOS = YES_AGGRESSIVE;
				GCC_WARN_UNUSED_FUNCTION = YES;
				GCC_WARN_UNUSED_VARIABLE = YES;
				IPHONEOS_DEPLOYMENT_TARGET = 11.0;
				MTL_ENABLE_DEBUG_INFO = YES;
				ONLY_ACTIVE_ARCH = YES;
				SDKROOT = iphoneos;
				SWIFT_ACTIVE_COMPILATION_CONDITIONS = DEBUG;
				SWIFT_OPTIMIZATION_LEVEL = "-Onone";
			};
			name = Debug;
		};
		F47101DC1FB5614A009D34EF /* Release */ = {
			isa = XCBuildConfiguration;
			buildSettings = {
				ALWAYS_SEARCH_USER_PATHS = NO;
				CLANG_ANALYZER_NONNULL = YES;
				CLANG_ANALYZER_NUMBER_OBJECT_CONVERSION = YES_AGGRESSIVE;
				CLANG_CXX_LANGUAGE_STANDARD = "gnu++14";
				CLANG_CXX_LIBRARY = "libc++";
				CLANG_ENABLE_MODULES = YES;
				CLANG_ENABLE_OBJC_ARC = YES;
				CLANG_WARN_BLOCK_CAPTURE_AUTORELEASING = YES;
				CLANG_WARN_BOOL_CONVERSION = YES;
				CLANG_WARN_COMMA = YES;
				CLANG_WARN_CONSTANT_CONVERSION = YES;
				CLANG_WARN_DEPRECATED_OBJC_IMPLEMENTATIONS = YES;
				CLANG_WARN_DIRECT_OBJC_ISA_USAGE = YES_ERROR;
				CLANG_WARN_DOCUMENTATION_COMMENTS = YES;
				CLANG_WARN_EMPTY_BODY = YES;
				CLANG_WARN_ENUM_CONVERSION = YES;
				CLANG_WARN_INFINITE_RECURSION = YES;
				CLANG_WARN_INT_CONVERSION = YES;
				CLANG_WARN_NON_LITERAL_NULL_CONVERSION = YES;
				CLANG_WARN_OBJC_IMPLICIT_RETAIN_SELF = YES;
				CLANG_WARN_OBJC_LITERAL_CONVERSION = YES;
				CLANG_WARN_OBJC_ROOT_CLASS = YES_ERROR;
				CLANG_WARN_RANGE_LOOP_ANALYSIS = YES;
				CLANG_WARN_STRICT_PROTOTYPES = YES;
				CLANG_WARN_SUSPICIOUS_MOVE = YES;
				CLANG_WARN_UNGUARDED_AVAILABILITY = YES_AGGRESSIVE;
				CLANG_WARN_UNREACHABLE_CODE = YES;
				CLANG_WARN__DUPLICATE_METHOD_MATCH = YES;
				CODE_SIGN_IDENTITY = "iPhone Developer";
				COPY_PHASE_STRIP = NO;
				DEBUG_INFORMATION_FORMAT = "dwarf-with-dsym";
				ENABLE_NS_ASSERTIONS = NO;
				ENABLE_STRICT_OBJC_MSGSEND = YES;
				GCC_C_LANGUAGE_STANDARD = gnu11;
				GCC_NO_COMMON_BLOCKS = YES;
				GCC_WARN_64_TO_32_BIT_CONVERSION = YES;
				GCC_WARN_ABOUT_RETURN_TYPE = YES_ERROR;
				GCC_WARN_UNDECLARED_SELECTOR = YES;
				GCC_WARN_UNINITIALIZED_AUTOS = YES_AGGRESSIVE;
				GCC_WARN_UNUSED_FUNCTION = YES;
				GCC_WARN_UNUSED_VARIABLE = YES;
				IPHONEOS_DEPLOYMENT_TARGET = 11.0;
				MTL_ENABLE_DEBUG_INFO = NO;
				SDKROOT = iphoneos;
				SWIFT_OPTIMIZATION_LEVEL = "-Owholemodule";
				VALIDATE_PRODUCT = YES;
			};
			name = Release;
		};
		F47101DE1FB5614A009D34EF /* Debug */ = {
			isa = XCBuildConfiguration;
			buildSettings = {
				ASSETCATALOG_COMPILER_APPICON_NAME = AppIcon;
				CODE_SIGN_ENTITLEMENTS = CatchUp/CatchUp.entitlements;
				CODE_SIGN_STYLE = Automatic;
				DEVELOPMENT_TEAM = DJAHJZFYK7;
				INFOPLIST_FILE = CatchUp/Info.plist;
				IPHONEOS_DEPLOYMENT_TARGET = 11.0;
				LD_RUNPATH_SEARCH_PATHS = "$(inherited) @executable_path/Frameworks";
				PRODUCT_BUNDLE_IDENTIFIER = com.tokensolutions.CatchUp;
				PRODUCT_NAME = "$(TARGET_NAME)";
				SWIFT_VERSION = 4.0;
				TARGETED_DEVICE_FAMILY = "1,2";
			};
			name = Debug;
		};
		F47101DF1FB5614A009D34EF /* Release */ = {
			isa = XCBuildConfiguration;
			buildSettings = {
				ASSETCATALOG_COMPILER_APPICON_NAME = AppIcon;
				CODE_SIGN_ENTITLEMENTS = CatchUp/CatchUp.entitlements;
				CODE_SIGN_STYLE = Automatic;
				DEVELOPMENT_TEAM = DJAHJZFYK7;
				INFOPLIST_FILE = CatchUp/Info.plist;
				IPHONEOS_DEPLOYMENT_TARGET = 11.0;
				LD_RUNPATH_SEARCH_PATHS = "$(inherited) @executable_path/Frameworks";
				PRODUCT_BUNDLE_IDENTIFIER = com.tokensolutions.CatchUp;
				PRODUCT_NAME = "$(TARGET_NAME)";
				SWIFT_VERSION = 4.0;
				TARGETED_DEVICE_FAMILY = "1,2";
			};
			name = Release;
		};
/* End XCBuildConfiguration section */

/* Begin XCConfigurationList section */
		F47101C61FB5614A009D34EF /* Build configuration list for PBXProject "CatchUp" */ = {
			isa = XCConfigurationList;
			buildConfigurations = (
				F47101DB1FB5614A009D34EF /* Debug */,
				F47101DC1FB5614A009D34EF /* Release */,
			);
			defaultConfigurationIsVisible = 0;
			defaultConfigurationName = Release;
		};
		F47101DD1FB5614A009D34EF /* Build configuration list for PBXNativeTarget "CatchUp" */ = {
			isa = XCConfigurationList;
			buildConfigurations = (
				F47101DE1FB5614A009D34EF /* Debug */,
				F47101DF1FB5614A009D34EF /* Release */,
			);
			defaultConfigurationIsVisible = 0;
			defaultConfigurationName = Release;
		};
/* End XCConfigurationList section */
	};
	rootObject = F47101C31FB5614A009D34EF /* Project object */;
}
